PODS:
  - Alamofire (5.2.1)
  - Kingfisher (5.14.1):
    - Kingfisher/Core (= 5.14.1)
  - Kingfisher/Core (5.14.1)
  - Koloda (5.0.1):
    - pop (~> 1.0)
  - ModelMapper (10.0.0):
    - ModelMapper/Core (= 10.0.0)
  - ModelMapper/Core (10.0.0)
  - Moya (14.0.0):
    - Moya/Core (= 14.0.0)
  - Moya-ModelMapper (10.0.0):
    - Moya-ModelMapper/Core (= 10.0.0)
  - Moya-ModelMapper/Core (10.0.0):
    - ModelMapper (~> 10.0)
    - Moya (~> 14.0)
  - Moya-ModelMapper/RxSwift (10.0.0):
    - Moya-ModelMapper/Core
    - Moya/RxSwift (~> 14.0)
    - RxSwift
  - Moya/Core (14.0.0):
    - Alamofire (~> 5.0)
  - Moya/RxSwift (14.0.0):
    - Moya/Core
    - RxSwift (~> 5.0)
  - pop (1.0.12)
  - ProgressHUD (13.4)
  - ReachabilitySwift (5.0.0)
  - Realm (10.1.4):
    - Realm/Headers (= 10.1.4)
  - Realm/Headers (10.1.4)
  - RealmSwift (10.1.4):
    - Realm (= 10.1.4)
  - RxBlocking (5.1.1):
    - RxSwift (~> 5)
  - RxCocoa (5.1.1):
    - RxRelay (~> 5)
    - RxSwift (~> 5)
  - RxRelay (5.1.1):
    - RxSwift (~> 5)
  - RxSwift (5.1.1)
  - RxTest (5.1.1):
    - RxSwift (~> 5)

DEPENDENCIES:
  - Kingfisher
  - Koloda
  - Moya-ModelMapper (~> 10.0)
  - Moya-ModelMapper/RxSwift (~> 10.0)
  - ProgressHUD
  - ReachabilitySwift
  - RealmSwift
  - RxBlocking (~> 5)
  - RxCocoa (~> 5)
  - RxSwift (~> 5)
  - RxTest (~> 5)

SPEC REPOS:
  trunk:
    - Alamofire
    - Kingfisher
    - Koloda
    - ModelMapper
    - Moya
    - Moya-ModelMapper
    - pop
    - ProgressHUD
    - ReachabilitySwift
    - Realm
    - RealmSwift
    - RxBlocking
    - RxCocoa
    - RxRelay
    - RxSwift
    - RxTest

SPEC CHECKSUMS:
  Alamofire: e911732990610fe89af59ac0077f923d72dc3dfd
  Kingfisher: 8050bc6f7f68cbf3908bd04df7ccbac188f6d6d6
  Koloda: d07b9199a383abc5898b62aa945a599f5e7c0c4b
  ModelMapper: a8dbf2a2003bf626627b9fe7c9a22b3405a30404
  Moya: 5b45dacb75adb009f97fde91c204c1e565d31916
  Moya-ModelMapper: e3a478500921e7299804dc1ac550f1ebf3228ade
  pop: d582054913807fd11fd50bfe6a539d91c7e1a55a
  ProgressHUD: 137a7fc677487c5581668f4490563124fb35c232
  ReachabilitySwift: 985039c6f7b23a1da463388634119492ff86c825
  Realm: 80f4fb2971ccb9adc27a47d0955ae8e533a7030b
  RealmSwift: 0e566ca714edb377bba8ea0811eafcea0b93734e
  RxBlocking: 5f700a78cad61ce253ebd37c9a39b5ccc76477b4
  RxCocoa: 32065309a38d29b5b0db858819b5bf9ef038b601
  RxRelay: d77f7d771495f43c556cbc43eebd1bb54d01e8e9
  RxSwift: 81470a2074fa8780320ea5fe4102807cb7118178
  RxTest: 711632d5644dffbeb62c936a521b5b008a1e1faa

PODFILE CHECKSUM: ed188ab19806ee7eeac69de84de2b19b8b74ed6b

COCOAPODS: 1.10.0
